
Microsoft Visual Studio Solution File, Format Version 12.00
# Visual Studio Version 16
VisualStudioVersion = 16.0.28803.452
MinimumVisualStudioVersion = 10.0.40219.1
Project("{FAE04EC0-301F-11D3-BF4B-00C04F79EFBC}") = "YouToubeDownloader", "YouToubeDownloader\YouToubeDownloader.csproj", "{4192ECD6-A357-47DA-9BBA-30FDAF2D312C}"
EndProject
Project("{FAE04EC0-301F-11D3-BF4B-00C04F79EFBC}") = "DownloadModule", "DownloadModule\DownloadModule.csproj", "{E35E8C88-2094-40B7-B7EA-10277D400A13}"
EndProject
Project("{FAE04EC0-301F-11D3-BF4B-00C04F79EFBC}") = "Persistence", "Persistence\Persistence.csproj", "{AAB5D1FB-14EA-4EB7-A729-E6C5589C45FF}"
EndProject
Project("{FAE04EC0-301F-11D3-BF4B-00C04F79EFBC}") = "SearchingModule", "SearchingModule\SearchingModule.csproj", "{26D15158-06C5-4C90-BD5F-5615F2C09CE0}"
EndProject
Project("{FAE04EC0-301F-11D3-BF4B-00C04F79EFBC}") = "UserPlaylistModule", "UserPlaylistModule\UserPlaylistModule.csproj", "{9E09B463-54FC-4928-AC45-7B5774C9F719}"
EndProject
Project("{FAE04EC0-301F-11D3-BF4B-00C04F79EFBC}") = "CommonControls", "CommonControls\CommonControls.csproj", "{DD9B7510-18F8-4E87-8392-E03D69ABD3CF}"
EndProject
Project("{FAE04EC0-301F-11D3-BF4B-00C04F79EFBC}") = "Tests", "Tests\Tests.csproj", "{3CF79E39-2F5B-47C5-B3AB-D97E62D9B74F}"
EndProject
Project("{FAE04EC0-301F-11D3-BF4B-00C04F79EFBC}") = "YouToubeEngine", "YouToubeEngine\YouToubeEngine.csproj", "{35F513AA-AE68-4D84-B2FB-1400BF71B28C}"
EndProject
Global
	GlobalSection(SolutionConfigurationPlatforms) = preSolution
		Debug|Any CPU = Debug|Any CPU
		Debug|x86 = Debug|x86
		Release|Any CPU = Release|Any CPU
		Release|x86 = Release|x86
	EndGlobalSection
	GlobalSection(ProjectConfigurationPlatforms) = postSolution
		{4192ECD6-A357-47DA-9BBA-30FDAF2D312C}.Debug|Any CPU.ActiveCfg = Debug|Any CPU
		{4192ECD6-A357-47DA-9BBA-30FDAF2D312C}.Debug|Any CPU.Build.0 = Debug|Any CPU
		{4192ECD6-A357-47DA-9BBA-30FDAF2D312C}.Debug|x86.ActiveCfg = Debug|x86
		{4192ECD6-A357-47DA-9BBA-30FDAF2D312C}.Debug|x86.Build.0 = Debug|x86
		{4192ECD6-A357-47DA-9BBA-30FDAF2D312C}.Release|Any CPU.ActiveCfg = Release|Any CPU
		{4192ECD6-A357-47DA-9BBA-30FDAF2D312C}.Release|Any CPU.Build.0 = Release|Any CPU
		{4192ECD6-A357-47DA-9BBA-30FDAF2D312C}.Release|x86.ActiveCfg = Release|x86
		{4192ECD6-A357-47DA-9BBA-30FDAF2D312C}.Release|x86.Build.0 = Release|x86
		{E35E8C88-2094-40B7-B7EA-10277D400A13}.Debug|Any CPU.ActiveCfg = Debug|Any CPU
		{E35E8C88-2094-40B7-B7EA-10277D400A13}.Debug|Any CPU.Build.0 = Debug|Any CPU
		{E35E8C88-2094-40B7-B7EA-10277D400A13}.Debug|x86.ActiveCfg = Debug|x86
		{E35E8C88-2094-40B7-B7EA-10277D400A13}.Debug|x86.Build.0 = Debug|x86
		{E35E8C88-2094-40B7-B7EA-10277D400A13}.Release|Any CPU.ActiveCfg = Release|Any CPU
		{E35E8C88-2094-40B7-B7EA-10277D400A13}.Release|Any CPU.Build.0 = Release|Any CPU
		{E35E8C88-2094-40B7-B7EA-10277D400A13}.Release|x86.ActiveCfg = Release|x86
		{E35E8C88-2094-40B7-B7EA-10277D400A13}.Release|x86.Build.0 = Release|x86
		{AAB5D1FB-14EA-4EB7-A729-E6C5589C45FF}.Debug|Any CPU.ActiveCfg = Debug|Any CPU
		{AAB5D1FB-14EA-4EB7-A729-E6C5589C45FF}.Debug|Any CPU.Build.0 = Debug|Any CPU
		{AAB5D1FB-14EA-4EB7-A729-E6C5589C45FF}.Debug|x86.ActiveCfg = Debug|x86
		{AAB5D1FB-14EA-4EB7-A729-E6C5589C45FF}.Debug|x86.Build.0 = Debug|x86
		{AAB5D1FB-14EA-4EB7-A729-E6C5589C45FF}.Release|Any CPU.ActiveCfg = Release|Any CPU
		{AAB5D1FB-14EA-4EB7-A729-E6C5589C45FF}.Release|Any CPU.Build.0 = Release|Any CPU
		{AAB5D1FB-14EA-4EB7-A729-E6C5589C45FF}.Release|x86.ActiveCfg = Release|x86
		{AAB5D1FB-14EA-4EB7-A729-E6C5589C45FF}.Release|x86.Build.0 = Release|x86
		{26D15158-06C5-4C90-BD5F-5615F2C09CE0}.Debug|Any CPU.ActiveCfg = Debug|Any CPU
		{26D15158-06C5-4C90-BD5F-5615F2C09CE0}.Debug|Any CPU.Build.0 = Debug|Any CPU
		{26D15158-06C5-4C90-BD5F-5615F2C09CE0}.Debug|x86.ActiveCfg = Debug|x86
		{26D15158-06C5-4C90-BD5F-5615F2C09CE0}.Debug|x86.Build.0 = Debug|x86
		{26D15158-06C5-4C90-BD5F-5615F2C09CE0}.Release|Any CPU.ActiveCfg = Release|Any CPU
		{26D15158-06C5-4C90-BD5F-5615F2C09CE0}.Release|Any CPU.Build.0 = Release|Any CPU
		{26D15158-06C5-4C90-BD5F-5615F2C09CE0}.Release|x86.ActiveCfg = Release|x86
		{26D15158-06C5-4C90-BD5F-5615F2C09CE0}.Release|x86.Build.0 = Release|x86
		{9E09B463-54FC-4928-AC45-7B5774C9F719}.Debug|Any CPU.ActiveCfg = Debug|Any CPU
		{9E09B463-54FC-4928-AC45-7B5774C9F719}.Debug|Any CPU.Build.0 = Debug|Any CPU
		{9E09B463-54FC-4928-AC45-7B5774C9F719}.Debug|x86.ActiveCfg = Debug|x86
		{9E09B463-54FC-4928-AC45-7B5774C9F719}.Debug|x86.Build.0 = Debug|x86
		{9E09B463-54FC-4928-AC45-7B5774C9F719}.Release|Any CPU.ActiveCfg = Release|Any CPU
		{9E09B463-54FC-4928-AC45-7B5774C9F719}.Release|Any CPU.Build.0 = Release|Any CPU
		{9E09B463-54FC-4928-AC45-7B5774C9F719}.Release|x86.ActiveCfg = Release|x86
		{9E09B463-54FC-4928-AC45-7B5774C9F719}.Release|x86.Build.0 = Release|x86
		{DD9B7510-18F8-4E87-8392-E03D69ABD3CF}.Debug|Any CPU.ActiveCfg = Debug|Any CPU
		{DD9B7510-18F8-4E87-8392-E03D69ABD3CF}.Debug|Any CPU.Build.0 = Debug|Any CPU
		{DD9B7510-18F8-4E87-8392-E03D69ABD3CF}.Debug|x86.ActiveCfg = Debug|Any CPU
		{DD9B7510-18F8-4E87-8392-E03D69ABD3CF}.Debug|x86.Build.0 = Debug|Any CPU
		{DD9B7510-18F8-4E87-8392-E03D69ABD3CF}.Release|Any CPU.ActiveCfg = Release|Any CPU
		{DD9B7510-18F8-4E87-8392-E03D69ABD3CF}.Release|Any CPU.Build.0 = Release|Any CPU
		{DD9B7510-18F8-4E87-8392-E03D69ABD3CF}.Release|x86.ActiveCfg = Release|Any CPU
		{DD9B7510-18F8-4E87-8392-E03D69ABD3CF}.Release|x86.Build.0 = Release|Any CPU
		{3CF79E39-2F5B-47C5-B3AB-D97E62D9B74F}.Debug|Any CPU.ActiveCfg = Debug|Any CPU
		{3CF79E39-2F5B-47C5-B3AB-D97E62D9B74F}.Debug|Any CPU.Build.0 = Debug|Any CPU
		{3CF79E39-2F5B-47C5-B3AB-D97E62D9B74F}.Debug|x86.ActiveCfg = Debug|Any CPU
		{3CF79E39-2F5B-47C5-B3AB-D97E62D9B74F}.Debug|x86.Build.0 = Debug|Any CPU
		{3CF79E39-2F5B-47C5-B3AB-D97E62D9B74F}.Release|Any CPU.ActiveCfg = Release|Any CPU
		{3CF79E39-2F5B-47C5-B3AB-D97E62D9B74F}.Release|Any CPU.Build.0 = Release|Any CPU
		{3CF79E39-2F5B-47C5-B3AB-D97E62D9B74F}.Release|x86.ActiveCfg = Release|Any CPU
		{3CF79E39-2F5B-47C5-B3AB-D97E62D9B74F}.Release|x86.Build.0 = Release|Any CPU
		{35F513AA-AE68-4D84-B2FB-1400BF71B28C}.Debug|Any CPU.ActiveCfg = Debug|Any CPU
		{35F513AA-AE68-4D84-B2FB-1400BF71B28C}.Debug|Any CPU.Build.0 = Debug|Any CPU
		{35F513AA-AE68-4D84-B2FB-1400BF71B28C}.Debug|x86.ActiveCfg = Debug|Any CPU
		{35F513AA-AE68-4D84-B2FB-1400BF71B28C}.Debug|x86.Build.0 = Debug|Any CPU
		{35F513AA-AE68-4D84-B2FB-1400BF71B28C}.Release|Any CPU.ActiveCfg = Release|Any CPU
		{35F513AA-AE68-4D84-B2FB-1400BF71B28C}.Release|Any CPU.Build.0 = Release|Any CPU
		{35F513AA-AE68-4D84-B2FB-1400BF71B28C}.Release|x86.ActiveCfg = Release|Any CPU
		{35F513AA-AE68-4D84-B2FB-1400BF71B28C}.Release|x86.Build.0 = Release|Any CPU
	EndGlobalSection
	GlobalSection(SolutionProperties) = preSolution
		HideSolutionNode = FALSE
	EndGlobalSection
	GlobalSection(ExtensibilityGlobals) = postSolution
		SolutionGuid = {6200C70B-773A-4F29-945E-19E8DC66FA3F}
	EndGlobalSection
EndGlobal
